<?xml version="1.0" encoding="utf-8"?>
<Project ToolsVersion="4.0" xmlns="http://schemas.microsoft.com/developer/msbuild/2003">
  <ItemGroup>
    <Filter Include="src">
      <UniqueIdentifier>{e699c0f3-f7e3-4426-8b83-1a175dd1302c}</UniqueIdentifier>
    </Filter>
  </ItemGroup>
  <ItemGroup>
    <ClCompile Include="..\..\..\src\3rdparty\json-c-lib\arraylist.c">
      <Filter>src</Filter>
    </ClCompile>
    <ClCompile Include="..\..\..\src\3rdparty\json-c-lib\debug.c">
      <Filter>src</Filter>
    </ClCompile>
    <ClCompile Include="..\..\..\src\3rdparty\json-c-lib\json_c_version.c">
      <Filter>src</Filter>
    </ClCompile>
    <ClCompile Include="..\..\..\src\3rdparty\json-c-lib\json_object.c">
      <Filter>src</Filter>
    </ClCompile>
    <ClCompile Include="..\..\..\src\3rdparty\json-c-lib\json_object_iterator.c">
      <Filter>src</Filter>
    </ClCompile>
    <ClCompile Include="..\..\..\src\3rdparty\json-c-lib\json_tokener.c">
      <Filter>src</Filter>
    </ClCompile>
    <ClCompile Include="..\..\..\src\3rdparty\json-c-lib\json_util.c">
      <Filter>src</Filter>
    </ClCompile>
    <ClCompile Include="..\..\..\src\3rdparty\json-c-lib\libjson.c">
      <Filter>src</Filter>
    </ClCompile>
    <ClCompile Include="..\..\..\src\3rdparty\json-c-lib\linkhash.c">
      <Filter>src</Filter>
    </ClCompile>
    <ClCompile Include="..\..\..\src\3rdparty\json-c-lib\printbuf.c">
      <Filter>src</Filter>
    </ClCompile>
  </ItemGroup>
  <ItemGroup>
    <ClInclude Include="..\..\..\src\3rdparty\json-c-lib\arraylist.h">
      <Filter>src</Filter>
    </ClInclude>
    <ClInclude Include="..\..\..\src\3rdparty\json-c-lib\bits.h">
      <Filter>src</Filter>
    </ClInclude>
    <ClInclude Include="..\..\..\src\3rdparty\json-c-lib\config.h">
      <Filter>src</Filter>
    </ClInclude>
    <ClInclude Include="..\..\..\src\3rdparty\json-c-lib\debug.h">
      <Filter>src</Filter>
    </ClInclude>
    <ClInclude Include="..\..\..\src\3rdparty\json-c-lib\json.h">
      <Filter>src</Filter>
    </ClInclude>
    <ClInclude Include="..\..\..\src\3rdparty\json-c-lib\json_c_version.h">
      <Filter>src</Filter>
    </ClInclude>
    <ClInclude Include="..\..\..\src\3rdparty\json-c-lib\json_config.h">
      <Filter>src</Filter>
    </ClInclude>
    <ClInclude Include="..\..\..\src\3rdparty\json-c-lib\json_inttypes.h">
      <Filter>src</Filter>
    </ClInclude>
    <ClInclude Include="..\..\..\src\3rdparty\json-c-lib\json_object.h">
      <Filter>src</Filter>
    </ClInclude>
    <ClInclude Include="..\..\..\src\3rdparty\json-c-lib\json_object_iterator.h">
      <Filter>src</Filter>
    </ClInclude>
    <ClInclude Include="..\..\..\src\3rdparty\json-c-lib\json_object_private.h">
      <Filter>src</Filter>
    </ClInclude>
    <ClInclude Include="..\..\..\src\3rdparty\json-c-lib\json_tokener.h">
      <Filter>src</Filter>
    </ClInclude>
    <ClInclude Include="..\..\..\src\3rdparty\json-c-lib\json_util.h">
      <Filter>src</Filter>
    </ClInclude>
    <ClInclude Include="..\..\..\src\3rdparty\json-c-lib\linkhash.h">
      <Filter>src</Filter>
    </ClInclude>
    <ClInclude Include="..\..\..\src\3rdparty\json-c-lib\printbuf.h">
      <Filter>src</Filter>
    </ClInclude>
  </ItemGroup>
  <ItemGroup>
    <Text Include="ReadMe.txt" />
  </ItemGroup>
</Project>