
Microsoft Visual Studio Solution File, Format Version 10.00
# Visual Studio 2008
Project("{8BC9CEB8-8B4A-11D0-8D11-00A0C91BC942}") = "firmwareUpdateConsole", "firmwareUpdateConsole\firmwareUpdateConsole.vcproj", "{64627AA8-9B90-47E4-B22A-476763DDD4CF}"
EndProject
Project("{8BC9CEB8-8B4A-11D0-8D11-00A0C91BC942}") = "libssh2", "libraryssh2\win32\libssh2.vcproj", "{58EB5ABE-1903-4876-8C17-3164932DE405}"
EndProject
Project("{8BC9CEB8-8B4A-11D0-8D11-00A0C91BC942}") = "FirmwareUpdateLib", "FirmwareUpdateLib\FirmwareUpdateLib.vcproj", "{DB86DBEC-0FB2-4A0D-8A91-E72DF2A209F1}"
EndProject
Global
	GlobalSection(SolutionConfigurationPlatforms) = preSolution
		Debug|Win32 = Debug|Win32
		OpenSSL DLL Debug|Win32 = OpenSSL DLL Debug|Win32
		OpenSSL DLL Release|Win32 = OpenSSL DLL Release|Win32
		OpenSSL LIB Debug|Win32 = OpenSSL LIB Debug|Win32
		OpenSSL LIB Release|Win32 = OpenSSL LIB Release|Win32
		Release|Win32 = Release|Win32
		WinCNG DLL Debug|Win32 = WinCNG DLL Debug|Win32
		WinCNG DLL Release|Win32 = WinCNG DLL Release|Win32
		WinCNG LIB Debug|Win32 = WinCNG LIB Debug|Win32
		WinCNG LIB Release|Win32 = WinCNG LIB Release|Win32
	EndGlobalSection
	GlobalSection(ProjectConfigurationPlatforms) = postSolution
		{64627AA8-9B90-47E4-B22A-476763DDD4CF}.Debug|Win32.ActiveCfg = Debug|Win32
		{64627AA8-9B90-47E4-B22A-476763DDD4CF}.Debug|Win32.Build.0 = Debug|Win32
		{64627AA8-9B90-47E4-B22A-476763DDD4CF}.OpenSSL DLL Debug|Win32.ActiveCfg = Debug|Win32
		{64627AA8-9B90-47E4-B22A-476763DDD4CF}.OpenSSL DLL Debug|Win32.Build.0 = Debug|Win32
		{64627AA8-9B90-47E4-B22A-476763DDD4CF}.OpenSSL DLL Release|Win32.ActiveCfg = Release|Win32
		{64627AA8-9B90-47E4-B22A-476763DDD4CF}.OpenSSL DLL Release|Win32.Build.0 = Release|Win32
		{64627AA8-9B90-47E4-B22A-476763DDD4CF}.OpenSSL LIB Debug|Win32.ActiveCfg = Debug|Win32
		{64627AA8-9B90-47E4-B22A-476763DDD4CF}.OpenSSL LIB Debug|Win32.Build.0 = Debug|Win32
		{64627AA8-9B90-47E4-B22A-476763DDD4CF}.OpenSSL LIB Release|Win32.ActiveCfg = Release|Win32
		{64627AA8-9B90-47E4-B22A-476763DDD4CF}.OpenSSL LIB Release|Win32.Build.0 = Release|Win32
		{64627AA8-9B90-47E4-B22A-476763DDD4CF}.Release|Win32.ActiveCfg = Release|Win32
		{64627AA8-9B90-47E4-B22A-476763DDD4CF}.Release|Win32.Build.0 = Release|Win32
		{64627AA8-9B90-47E4-B22A-476763DDD4CF}.WinCNG DLL Debug|Win32.ActiveCfg = Debug|Win32
		{64627AA8-9B90-47E4-B22A-476763DDD4CF}.WinCNG DLL Debug|Win32.Build.0 = Debug|Win32
		{64627AA8-9B90-47E4-B22A-476763DDD4CF}.WinCNG DLL Release|Win32.ActiveCfg = Release|Win32
		{64627AA8-9B90-47E4-B22A-476763DDD4CF}.WinCNG DLL Release|Win32.Build.0 = Release|Win32
		{64627AA8-9B90-47E4-B22A-476763DDD4CF}.WinCNG LIB Debug|Win32.ActiveCfg = Debug|Win32
		{64627AA8-9B90-47E4-B22A-476763DDD4CF}.WinCNG LIB Debug|Win32.Build.0 = Debug|Win32
		{64627AA8-9B90-47E4-B22A-476763DDD4CF}.WinCNG LIB Release|Win32.ActiveCfg = Release|Win32
		{64627AA8-9B90-47E4-B22A-476763DDD4CF}.WinCNG LIB Release|Win32.Build.0 = Release|Win32
		{58EB5ABE-1903-4876-8C17-3164932DE405}.Debug|Win32.ActiveCfg = OpenSSL LIB Debug|Win32
		{58EB5ABE-1903-4876-8C17-3164932DE405}.Debug|Win32.Build.0 = OpenSSL LIB Debug|Win32
		{58EB5ABE-1903-4876-8C17-3164932DE405}.OpenSSL DLL Debug|Win32.ActiveCfg = OpenSSL DLL Debug|Win32
		{58EB5ABE-1903-4876-8C17-3164932DE405}.OpenSSL DLL Debug|Win32.Build.0 = OpenSSL DLL Debug|Win32
		{58EB5ABE-1903-4876-8C17-3164932DE405}.OpenSSL DLL Release|Win32.ActiveCfg = OpenSSL DLL Release|Win32
		{58EB5ABE-1903-4876-8C17-3164932DE405}.OpenSSL DLL Release|Win32.Build.0 = OpenSSL DLL Release|Win32
		{58EB5ABE-1903-4876-8C17-3164932DE405}.OpenSSL LIB Debug|Win32.ActiveCfg = OpenSSL LIB Debug|Win32
		{58EB5ABE-1903-4876-8C17-3164932DE405}.OpenSSL LIB Debug|Win32.Build.0 = OpenSSL LIB Debug|Win32
		{58EB5ABE-1903-4876-8C17-3164932DE405}.OpenSSL LIB Release|Win32.ActiveCfg = OpenSSL LIB Release|Win32
		{58EB5ABE-1903-4876-8C17-3164932DE405}.OpenSSL LIB Release|Win32.Build.0 = OpenSSL LIB Release|Win32
		{58EB5ABE-1903-4876-8C17-3164932DE405}.Release|Win32.ActiveCfg = OpenSSL LIB Release|Win32
		{58EB5ABE-1903-4876-8C17-3164932DE405}.Release|Win32.Build.0 = OpenSSL LIB Release|Win32
		{58EB5ABE-1903-4876-8C17-3164932DE405}.WinCNG DLL Debug|Win32.ActiveCfg = WinCNG DLL Debug|Win32
		{58EB5ABE-1903-4876-8C17-3164932DE405}.WinCNG DLL Debug|Win32.Build.0 = WinCNG DLL Debug|Win32
		{58EB5ABE-1903-4876-8C17-3164932DE405}.WinCNG DLL Release|Win32.ActiveCfg = WinCNG DLL Release|Win32
		{58EB5ABE-1903-4876-8C17-3164932DE405}.WinCNG DLL Release|Win32.Build.0 = WinCNG DLL Release|Win32
		{58EB5ABE-1903-4876-8C17-3164932DE405}.WinCNG LIB Debug|Win32.ActiveCfg = WinCNG LIB Debug|Win32
		{58EB5ABE-1903-4876-8C17-3164932DE405}.WinCNG LIB Debug|Win32.Build.0 = WinCNG LIB Debug|Win32
		{58EB5ABE-1903-4876-8C17-3164932DE405}.WinCNG LIB Release|Win32.ActiveCfg = WinCNG LIB Release|Win32
		{58EB5ABE-1903-4876-8C17-3164932DE405}.WinCNG LIB Release|Win32.Build.0 = WinCNG LIB Release|Win32
		{DB86DBEC-0FB2-4A0D-8A91-E72DF2A209F1}.Debug|Win32.ActiveCfg = Debug|Win32
		{DB86DBEC-0FB2-4A0D-8A91-E72DF2A209F1}.Debug|Win32.Build.0 = Debug|Win32
		{DB86DBEC-0FB2-4A0D-8A91-E72DF2A209F1}.OpenSSL DLL Debug|Win32.ActiveCfg = Debug|Win32
		{DB86DBEC-0FB2-4A0D-8A91-E72DF2A209F1}.OpenSSL DLL Debug|Win32.Build.0 = Debug|Win32
		{DB86DBEC-0FB2-4A0D-8A91-E72DF2A209F1}.OpenSSL DLL Release|Win32.ActiveCfg = Release|Win32
		{DB86DBEC-0FB2-4A0D-8A91-E72DF2A209F1}.OpenSSL DLL Release|Win32.Build.0 = Release|Win32
		{DB86DBEC-0FB2-4A0D-8A91-E72DF2A209F1}.OpenSSL LIB Debug|Win32.ActiveCfg = Debug|Win32
		{DB86DBEC-0FB2-4A0D-8A91-E72DF2A209F1}.OpenSSL LIB Debug|Win32.Build.0 = Debug|Win32
		{DB86DBEC-0FB2-4A0D-8A91-E72DF2A209F1}.OpenSSL LIB Release|Win32.ActiveCfg = Release|Win32
		{DB86DBEC-0FB2-4A0D-8A91-E72DF2A209F1}.OpenSSL LIB Release|Win32.Build.0 = Release|Win32
		{DB86DBEC-0FB2-4A0D-8A91-E72DF2A209F1}.Release|Win32.ActiveCfg = Release|Win32
		{DB86DBEC-0FB2-4A0D-8A91-E72DF2A209F1}.Release|Win32.Build.0 = Release|Win32
		{DB86DBEC-0FB2-4A0D-8A91-E72DF2A209F1}.WinCNG DLL Debug|Win32.ActiveCfg = Debug|Win32
		{DB86DBEC-0FB2-4A0D-8A91-E72DF2A209F1}.WinCNG DLL Debug|Win32.Build.0 = Debug|Win32
		{DB86DBEC-0FB2-4A0D-8A91-E72DF2A209F1}.WinCNG DLL Release|Win32.ActiveCfg = Release|Win32
		{DB86DBEC-0FB2-4A0D-8A91-E72DF2A209F1}.WinCNG DLL Release|Win32.Build.0 = Release|Win32
		{DB86DBEC-0FB2-4A0D-8A91-E72DF2A209F1}.WinCNG LIB Debug|Win32.ActiveCfg = Debug|Win32
		{DB86DBEC-0FB2-4A0D-8A91-E72DF2A209F1}.WinCNG LIB Debug|Win32.Build.0 = Debug|Win32
		{DB86DBEC-0FB2-4A0D-8A91-E72DF2A209F1}.WinCNG LIB Release|Win32.ActiveCfg = Release|Win32
		{DB86DBEC-0FB2-4A0D-8A91-E72DF2A209F1}.WinCNG LIB Release|Win32.Build.0 = Release|Win32
	EndGlobalSection
	GlobalSection(SolutionProperties) = preSolution
		HideSolutionNode = FALSE
	EndGlobalSection
EndGlobal
